
Microsoft Visual Studio Solution File, Format Version 12.00
# Visual Studio Version 17
VisualStudioVersion = 17.1.32319.34
MinimumVisualStudioVersion = 10.0.40219.1
Project("{FAE04EC0-301F-11D3-BF4B-00C04F79EFBC}") = "Saeed.Utilities", "Saeed.Utilities\Saeed.Utilities.csproj", "{62DE9DF6-5D78-4779-AF19-5F855DEF395B}"
EndProject
Project("{9A19103F-16F7-4668-BE54-9A1E7A4F7556}") = "Saeed.Utilities.LocalizedResource", "Saeed.Utilities.LocalizedResource\Saeed.Utilities.LocalizedResource.csproj", "{2801F77E-175B-4524-93AC-586742457FD7}"
EndProject
Project("{2150E333-8FDC-42A3-9474-1A3956D46DE8}") = "tools", "tools", "{5D554585-1377-4F34-B009-4DC79F4F4D60}"
	ProjectSection(SolutionItems) = preProject
		tag-it.bat = tag-it.bat
	EndProjectSection
EndProject
Global
	GlobalSection(SolutionConfigurationPlatforms) = preSolution
		Debug|Any CPU = Debug|Any CPU
		Release|Any CPU = Release|Any CPU
	EndGlobalSection
	GlobalSection(ProjectConfigurationPlatforms) = postSolution
		{62DE9DF6-5D78-4779-AF19-5F855DEF395B}.Debug|Any CPU.ActiveCfg = Debug|Any CPU
		{62DE9DF6-5D78-4779-AF19-5F855DEF395B}.Debug|Any CPU.Build.0 = Debug|Any CPU
		{62DE9DF6-5D78-4779-AF19-5F855DEF395B}.Release|Any CPU.ActiveCfg = Release|Any CPU
		{62DE9DF6-5D78-4779-AF19-5F855DEF395B}.Release|Any CPU.Build.0 = Release|Any CPU
		{2801F77E-175B-4524-93AC-586742457FD7}.Debug|Any CPU.ActiveCfg = Debug|Any CPU
		{2801F77E-175B-4524-93AC-586742457FD7}.Debug|Any CPU.Build.0 = Debug|Any CPU
		{2801F77E-175B-4524-93AC-586742457FD7}.Release|Any CPU.ActiveCfg = Release|Any CPU
		{2801F77E-175B-4524-93AC-586742457FD7}.Release|Any CPU.Build.0 = Release|Any CPU
	EndGlobalSection
	GlobalSection(SolutionProperties) = preSolution
		HideSolutionNode = FALSE
	EndGlobalSection
	GlobalSection(ExtensibilityGlobals) = postSolution
		SolutionGuid = {4787F0F9-7CB0-4CDF-8DAB-8BA070F84C34}
	EndGlobalSection
EndGlobal
